
Microsoft Visual Studio Solution File, Format Version 12.00
# Visual Studio Version 16
VisualStudioVersion = 16.0.30011.22
MinimumVisualStudioVersion = 10.0.40219.1
Project("{FAE04EC0-301F-11D3-BF4B-00C04F79EFBC}") = "UsoDeColecoes", "UsoDeColecoes.csproj", "{F0E51434-F41D-404F-94A3-B88D05C5CC90}"
EndProject
Global
	GlobalSection(SolutionConfigurationPlatforms) = preSolution
		Debug|Any CPU = Debug|Any CPU
		Release|Any CPU = Release|Any CPU
	EndGlobalSection
	GlobalSection(ProjectConfigurationPlatforms) = postSolution
		{F0E51434-F41D-404F-94A3-B88D05C5CC90}.Debug|Any CPU.ActiveCfg = Debug|Any CPU
		{F0E51434-F41D-404F-94A3-B88D05C5CC90}.Debug|Any CPU.Build.0 = Debug|Any CPU
		{F0E51434-F41D-404F-94A3-B88D05C5CC90}.Release|Any CPU.ActiveCfg = Release|Any CPU
		{F0E51434-F41D-404F-94A3-B88D05C5CC90}.Release|Any CPU.Build.0 = Release|Any CPU
	EndGlobalSection
	GlobalSection(SolutionProperties) = preSolution
		HideSolutionNode = FALSE
	EndGlobalSection
	GlobalSection(ExtensibilityGlobals) = postSolution
		SolutionGuid = {AECD36A5-4829-470F-A68F-E2CD6057854D}
	EndGlobalSection
EndGlobal
